
Microsoft Visual Studio Solution File, Format Version 12.00
# Visual Studio Version 17
VisualStudioVersion = 17.9.34728.123
MinimumVisualStudioVersion = 10.0.40219.1
Project("{2150E333-8FDC-42A3-9474-1A3956D46DE8}") = "common", "common", "{A4EFC413-76FD-4919-B6F0-6B0A66A0041F}"
	ProjectSection(SolutionItems) = preProject
		docker-compose.yml = docker-compose.yml
	EndProjectSection
EndProject
Project("{2150E333-8FDC-42A3-9474-1A3956D46DE8}") = "src", "src", "{C5435ED2-CED6-4F2F-93E5-5528550997EF}"
EndProject
Project("{2150E333-8FDC-42A3-9474-1A3956D46DE8}") = "tests", "tests", "{2F98D446-9D50-4B06-ADE5-9D28CDCDF6AC}"
EndProject
Project("{9A19103F-16F7-4668-BE54-9A1E7A4F7556}") = "ApiGateway", "src\services\ApiGateway\ApiGateway.csproj", "{EADD97DB-C671-4B87-A1BE-AA58EECF49E3}"
EndProject
Project("{2150E333-8FDC-42A3-9474-1A3956D46DE8}") = "Auth", "Auth", "{A7C79520-ECA3-4896-9E37-F8C1511F67D3}"
EndProject
Project("{9A19103F-16F7-4668-BE54-9A1E7A4F7556}") = "AuthBot", "src\services\AuthBot\AuthBot.csproj", "{9E943E8F-29AF-4573-B6F0-87A574885C73}"
EndProject
Project("{9A19103F-16F7-4668-BE54-9A1E7A4F7556}") = "Auth.Domain", "src\services\Auth\Auth.Domain\Auth.Domain.csproj", "{60D61893-81F7-4DAA-AD59-A1D125E35967}"
EndProject
Project("{9A19103F-16F7-4668-BE54-9A1E7A4F7556}") = "Auth.Application", "src\services\Auth\Auth.Application\Auth.Application.csproj", "{C31ACDF9-33F6-49E3-977E-E657B94A8101}"
EndProject
Project("{9A19103F-16F7-4668-BE54-9A1E7A4F7556}") = "Auth.Infrastructure", "src\services\Auth\Auth.Infrastructure\Auth.Infrastructure.csproj", "{FFF4B426-C6AB-4ED8-8813-0F3E6482F98D}"
EndProject
Project("{9A19103F-16F7-4668-BE54-9A1E7A4F7556}") = "Auth", "src\services\Auth\Auth\Auth.csproj", "{E8E0EF1F-8BF6-4EB4-8754-794E7D20C6E9}"
EndProject
Project("{2150E333-8FDC-42A3-9474-1A3956D46DE8}") = "libraries", "libraries", "{0B95036D-7B3D-44DC-8FEB-C170F178D56C}"
EndProject
Project("{2150E333-8FDC-42A3-9474-1A3956D46DE8}") = "services", "services", "{98865665-BFB8-4EE7-B5BC-317415F3E645}"
EndProject
Project("{9A19103F-16F7-4668-BE54-9A1E7A4F7556}") = "Core.Models", "src\libraries\Core.Models\Core.Models.csproj", "{8CB127E1-8537-45D9-A05F-8EF81D61EC34}"
EndProject
Project("{9A19103F-16F7-4668-BE54-9A1E7A4F7556}") = "Core.Hosting", "src\libraries\Core.Hosting\Core.Hosting.csproj", "{0007D9B2-9325-4BA7-A0C4-124E614EEACC}"
EndProject
Project("{2150E333-8FDC-42A3-9474-1A3956D46DE8}") = "protos", "protos", "{76AC8A98-A2F6-4FF5-B7E2-C43BD9EA082F}"
EndProject
Project("{FAE04EC0-301F-11D3-BF4B-00C04F79EFBC}") = "Proto.Core", "src\protos\Proto.Core\Proto.Core.csproj", "{DE3C92D8-DE2E-44F0-9F1C-D0FFBA2C5C1C}"
EndProject
Project("{FAE04EC0-301F-11D3-BF4B-00C04F79EFBC}") = "Proto.Auth", "src\protos\Proto.Auth\Proto.Auth.csproj", "{2707E916-D4C4-4C38-A49E-0A7EFB72D504}"
EndProject
Global
	GlobalSection(SolutionConfigurationPlatforms) = preSolution
		Debug|Any CPU = Debug|Any CPU
		Release|Any CPU = Release|Any CPU
	EndGlobalSection
	GlobalSection(ProjectConfigurationPlatforms) = postSolution
		{EADD97DB-C671-4B87-A1BE-AA58EECF49E3}.Debug|Any CPU.ActiveCfg = Debug|Any CPU
		{EADD97DB-C671-4B87-A1BE-AA58EECF49E3}.Debug|Any CPU.Build.0 = Debug|Any CPU
		{EADD97DB-C671-4B87-A1BE-AA58EECF49E3}.Release|Any CPU.ActiveCfg = Release|Any CPU
		{EADD97DB-C671-4B87-A1BE-AA58EECF49E3}.Release|Any CPU.Build.0 = Release|Any CPU
		{9E943E8F-29AF-4573-B6F0-87A574885C73}.Debug|Any CPU.ActiveCfg = Debug|Any CPU
		{9E943E8F-29AF-4573-B6F0-87A574885C73}.Debug|Any CPU.Build.0 = Debug|Any CPU
		{9E943E8F-29AF-4573-B6F0-87A574885C73}.Release|Any CPU.ActiveCfg = Release|Any CPU
		{9E943E8F-29AF-4573-B6F0-87A574885C73}.Release|Any CPU.Build.0 = Release|Any CPU
		{60D61893-81F7-4DAA-AD59-A1D125E35967}.Debug|Any CPU.ActiveCfg = Debug|Any CPU
		{60D61893-81F7-4DAA-AD59-A1D125E35967}.Debug|Any CPU.Build.0 = Debug|Any CPU
		{60D61893-81F7-4DAA-AD59-A1D125E35967}.Release|Any CPU.ActiveCfg = Release|Any CPU
		{60D61893-81F7-4DAA-AD59-A1D125E35967}.Release|Any CPU.Build.0 = Release|Any CPU
		{C31ACDF9-33F6-49E3-977E-E657B94A8101}.Debug|Any CPU.ActiveCfg = Debug|Any CPU
		{C31ACDF9-33F6-49E3-977E-E657B94A8101}.Debug|Any CPU.Build.0 = Debug|Any CPU
		{C31ACDF9-33F6-49E3-977E-E657B94A8101}.Release|Any CPU.ActiveCfg = Release|Any CPU
		{C31ACDF9-33F6-49E3-977E-E657B94A8101}.Release|Any CPU.Build.0 = Release|Any CPU
		{FFF4B426-C6AB-4ED8-8813-0F3E6482F98D}.Debug|Any CPU.ActiveCfg = Debug|Any CPU
		{FFF4B426-C6AB-4ED8-8813-0F3E6482F98D}.Debug|Any CPU.Build.0 = Debug|Any CPU
		{FFF4B426-C6AB-4ED8-8813-0F3E6482F98D}.Release|Any CPU.ActiveCfg = Release|Any CPU
		{FFF4B426-C6AB-4ED8-8813-0F3E6482F98D}.Release|Any CPU.Build.0 = Release|Any CPU
		{E8E0EF1F-8BF6-4EB4-8754-794E7D20C6E9}.Debug|Any CPU.ActiveCfg = Debug|Any CPU
		{E8E0EF1F-8BF6-4EB4-8754-794E7D20C6E9}.Debug|Any CPU.Build.0 = Debug|Any CPU
		{E8E0EF1F-8BF6-4EB4-8754-794E7D20C6E9}.Release|Any CPU.ActiveCfg = Release|Any CPU
		{E8E0EF1F-8BF6-4EB4-8754-794E7D20C6E9}.Release|Any CPU.Build.0 = Release|Any CPU
		{8CB127E1-8537-45D9-A05F-8EF81D61EC34}.Debug|Any CPU.ActiveCfg = Debug|Any CPU
		{8CB127E1-8537-45D9-A05F-8EF81D61EC34}.Debug|Any CPU.Build.0 = Debug|Any CPU
		{8CB127E1-8537-45D9-A05F-8EF81D61EC34}.Release|Any CPU.ActiveCfg = Release|Any CPU
		{8CB127E1-8537-45D9-A05F-8EF81D61EC34}.Release|Any CPU.Build.0 = Release|Any CPU
		{0007D9B2-9325-4BA7-A0C4-124E614EEACC}.Debug|Any CPU.ActiveCfg = Debug|Any CPU
		{0007D9B2-9325-4BA7-A0C4-124E614EEACC}.Debug|Any CPU.Build.0 = Debug|Any CPU
		{0007D9B2-9325-4BA7-A0C4-124E614EEACC}.Release|Any CPU.ActiveCfg = Release|Any CPU
		{0007D9B2-9325-4BA7-A0C4-124E614EEACC}.Release|Any CPU.Build.0 = Release|Any CPU
		{DE3C92D8-DE2E-44F0-9F1C-D0FFBA2C5C1C}.Debug|Any CPU.ActiveCfg = Debug|Any CPU
		{DE3C92D8-DE2E-44F0-9F1C-D0FFBA2C5C1C}.Debug|Any CPU.Build.0 = Debug|Any CPU
		{DE3C92D8-DE2E-44F0-9F1C-D0FFBA2C5C1C}.Release|Any CPU.ActiveCfg = Release|Any CPU
		{DE3C92D8-DE2E-44F0-9F1C-D0FFBA2C5C1C}.Release|Any CPU.Build.0 = Release|Any CPU
		{2707E916-D4C4-4C38-A49E-0A7EFB72D504}.Debug|Any CPU.ActiveCfg = Debug|Any CPU
		{2707E916-D4C4-4C38-A49E-0A7EFB72D504}.Debug|Any CPU.Build.0 = Debug|Any CPU
		{2707E916-D4C4-4C38-A49E-0A7EFB72D504}.Release|Any CPU.ActiveCfg = Release|Any CPU
		{2707E916-D4C4-4C38-A49E-0A7EFB72D504}.Release|Any CPU.Build.0 = Release|Any CPU
	EndGlobalSection
	GlobalSection(SolutionProperties) = preSolution
		HideSolutionNode = FALSE
	EndGlobalSection
	GlobalSection(NestedProjects) = preSolution
		{EADD97DB-C671-4B87-A1BE-AA58EECF49E3} = {98865665-BFB8-4EE7-B5BC-317415F3E645}
		{A7C79520-ECA3-4896-9E37-F8C1511F67D3} = {98865665-BFB8-4EE7-B5BC-317415F3E645}
		{9E943E8F-29AF-4573-B6F0-87A574885C73} = {98865665-BFB8-4EE7-B5BC-317415F3E645}
		{60D61893-81F7-4DAA-AD59-A1D125E35967} = {A7C79520-ECA3-4896-9E37-F8C1511F67D3}
		{C31ACDF9-33F6-49E3-977E-E657B94A8101} = {A7C79520-ECA3-4896-9E37-F8C1511F67D3}
		{FFF4B426-C6AB-4ED8-8813-0F3E6482F98D} = {A7C79520-ECA3-4896-9E37-F8C1511F67D3}
		{E8E0EF1F-8BF6-4EB4-8754-794E7D20C6E9} = {A7C79520-ECA3-4896-9E37-F8C1511F67D3}
		{0B95036D-7B3D-44DC-8FEB-C170F178D56C} = {C5435ED2-CED6-4F2F-93E5-5528550997EF}
		{98865665-BFB8-4EE7-B5BC-317415F3E645} = {C5435ED2-CED6-4F2F-93E5-5528550997EF}
		{8CB127E1-8537-45D9-A05F-8EF81D61EC34} = {0B95036D-7B3D-44DC-8FEB-C170F178D56C}
		{0007D9B2-9325-4BA7-A0C4-124E614EEACC} = {0B95036D-7B3D-44DC-8FEB-C170F178D56C}
		{76AC8A98-A2F6-4FF5-B7E2-C43BD9EA082F} = {C5435ED2-CED6-4F2F-93E5-5528550997EF}
		{DE3C92D8-DE2E-44F0-9F1C-D0FFBA2C5C1C} = {76AC8A98-A2F6-4FF5-B7E2-C43BD9EA082F}
		{2707E916-D4C4-4C38-A49E-0A7EFB72D504} = {76AC8A98-A2F6-4FF5-B7E2-C43BD9EA082F}
	EndGlobalSection
	GlobalSection(ExtensibilityGlobals) = postSolution
		SolutionGuid = {587C15A5-FA09-4451-B868-3C5E8B709D7A}
	EndGlobalSection
EndGlobal
